<?xml version="1.0" encoding="utf-8"?>
<Project ToolsVersion="4.0" xmlns="http://schemas.microsoft.com/developer/msbuild/2003">
  <ItemGroup>
    <Filter Include="src">
      <UniqueIdentifier>{b0e9f06e-68d3-45d7-84f2-58586d68051f}</UniqueIdentifier>
    </Filter>
    <Filter Include="src\core">
      <UniqueIdentifier>{f6ed94c0-a691-4346-8ff8-f345fca033e3}</UniqueIdentifier>
    </Filter>
    <Filter Include="src\core\base">
      <UniqueIdentifier>{7bed3143-d0ca-4746-8b5a-0631b7d8b3ac}</UniqueIdentifier>
    </Filter>
    <Filter Include="src\core\constant">
      <UniqueIdentifier>{e8498026-71cd-4968-95ad-b858ebb99b08}</UniqueIdentifier>
    </Filter>
    <Filter Include="src\core\input">
      <UniqueIdentifier>{f6fc9791-45f1-4d46-bb20-caf72ec6ed0d}</UniqueIdentifier>
    </Filter>
    <Filter Include="src\core\interface">
      <UniqueIdentifier>{7897cb8b-a2f2-4ad8-a873-bf68a81fd018}</UniqueIdentifier>
    </Filter>
    <Filter Include="src\core\utility">
      <UniqueIdentifier>{e2e23777-5c15-4d5d-ac41-f63e36f1b6a5}</UniqueIdentifier>
    </Filter>
    <Filter Include="src\game">
      <UniqueIdentifier>{28409937-af21-41b0-b70f-ced94ed30087}</UniqueIdentifier>
    </Filter>
    <Filter Include="src\game\constant">
      <UniqueIdentifier>{024e8581-d67b-4ae0-ba70-87457f4aa7be}</UniqueIdentifier>
    </Filter>
    <Filter Include="src\game\model">
      <UniqueIdentifier>{3cfcd3d6-2e7f-450a-9385-437b4e78ef48}</UniqueIdentifier>
    </Filter>
    <Filter Include="src\game\presenter">
      <UniqueIdentifier>{80b23251-4081-45a9-9095-94534fadde8e}</UniqueIdentifier>
    </Filter>
    <Filter Include="src\game\scene">
      <UniqueIdentifier>{8f25a501-504d-4d1e-8ca8-8e09be83fc9f}</UniqueIdentifier>
    </Filter>
    <Filter Include="src\game\view">
      <UniqueIdentifier>{160df889-e332-4fb5-93bf-6472900d24b4}</UniqueIdentifier>
    </Filter>
    <Filter Include="src\infrastructure">
      <UniqueIdentifier>{a4bea702-a0c4-4ab8-8d81-12884e0126e5}</UniqueIdentifier>
    </Filter>
    <Filter Include="src\infrastructure\graphics">
      <UniqueIdentifier>{7ca8511d-d41b-4a88-bdc2-d958e3892aaa}</UniqueIdentifier>
    </Filter>
    <Filter Include="src\infrastructure\input">
      <UniqueIdentifier>{725ccf64-4485-4b6f-8204-70ac6fa93a39}</UniqueIdentifier>
    </Filter>
    <Filter Include="src\infrastructure\resource">
      <UniqueIdentifier>{25955c66-d702-492a-ad4d-e1dc654fa945}</UniqueIdentifier>
    </Filter>
  </ItemGroup>
  <ItemGroup>
    <ClCompile Include="src\Application.cpp">
      <Filter>src</Filter>
    </ClCompile>
    <ClCompile Include="src\Main.cpp">
      <Filter>src</Filter>
    </ClCompile>
    <ClCompile Include="src\game\model\PourMatch.cpp">
      <Filter>src\game\model</Filter>
    </ClCompile>
    <ClCompile Include="src\game\presenter\PourPresenter.cpp">
      <Filter>src\game\presenter</Filter>
    </ClCompile>
    <ClCompile Include="src\game\scene\InGameScene.cpp">
      <Filter>src\game\scene</Filter>
    </ClCompile>
    <ClCompile Include="src\game\scene\ResultScene.cpp">
      <Filter>src\game\scene</Filter>
    </ClCompile>
    <ClCompile Include="src\game\scene\SceneFactory.cpp">
      <Filter>src\game\scene</Filter>
    </ClCompile>
    <ClCompile Include="src\game\scene\SceneManager.cpp">
      <Filter>src\game\scene</Filter>
    </ClCompile>
    <ClCompile Include="src\game\scene\TitleScene.cpp">
      <Filter>src\game\scene</Filter>
    </ClCompile>
    <ClCompile Include="src\game\view\LiquidVisual.cpp">
      <Filter>src\game\view</Filter>
    </ClCompile>
    <ClCompile Include="src\game\view\PourStream.cpp">
      <Filter>src\game\view</Filter>
    </ClCompile>
    <ClCompile Include="src\game\view\PourView3D.cpp">
      <Filter>src\game\view</Filter>
    </ClCompile>
    <ClCompile Include="src\game\view\SceneryMesh.cpp">
      <Filter>src\game\view</Filter>
    </ClCompile>
    <ClCompile Include="src\game\view\WaterSurface.cpp">
      <Filter>src\game\view</Filter>
    </ClCompile>
    <ClCompile Include="src\infrastructure\graphics\Camera.cpp">
      <Filter>src\infrastructure\graphics</Filter>
    </ClCompile>
    <ClCompile Include="src\infrastructure\graphics\ModelRenderer.cpp">
      <Filter>src\infrastructure\graphics</Filter>
    </ClCompile>
    <ClCompile Include="src\infrastructure\graphics\PostEffect.cpp">
      <Filter>src\infrastructure\graphics</Filter>
    </ClCompile>
    <ClCompile Include="src\infrastructure\graphics\Renderer.cpp">
      <Filter>src\infrastructure\graphics</Filter>
    </ClCompile>
    <ClCompile Include="src\infrastructure\graphics\Renderer3D.cpp">
      <Filter>src\infrastructure\graphics</Filter>
    </ClCompile>
    <ClCompile Include="src\infrastructure\graphics\Screen.cpp">
      <Filter>src\infrastructure\graphics</Filter>
    </ClCompile>
    <ClCompile Include="src\infrastructure\input\InputProvider.cpp">
      <Filter>src\infrastructure\input</Filter>
    </ClCompile>
    <ClCompile Include="src\infrastructure\resource\ResourceManager.cpp">
      <Filter>src\infrastructure\resource</Filter>
    </ClCompile>
  </ItemGroup>
  <ItemGroup>
    <ClInclude Include="src\Application.h">
      <Filter>src</Filter>
    </ClInclude>
    <ClInclude Include="src\core\base\NonCopyable.h">
      <Filter>src\core\base</Filter>
    </ClInclude>
    <ClInclude Include="src\core\constant\ScreenConstants.h">
      <Filter>src\core\constant</Filter>
    </ClInclude>
    <ClInclude Include="src\core\input\KeyCode.h">
      <Filter>src\core\input</Filter>
    </ClInclude>
    <ClInclude Include="src\core\interface\ICamera.h">
      <Filter>src\core\interface</Filter>
    </ClInclude>
    <ClInclude Include="src\core\interface\IInputProvider.h">
      <Filter>src\core\interface</Filter>
    </ClInclude>
    <ClInclude Include="src\core\interface\IModelRenderer.h">
      <Filter>src\core\interface</Filter>
    </ClInclude>
    <ClInclude Include="src\core\interface\IPostEffect.h">
      <Filter>src\core\interface</Filter>
    </ClInclude>
    <ClInclude Include="src\core\interface\IRenderer.h">
      <Filter>src\core\interface</Filter>
    </ClInclude>
    <ClInclude Include="src\core\interface\IRenderer3D.h">
      <Filter>src\core\interface</Filter>
    </ClInclude>
    <ClInclude Include="src\core\interface\IResourceManager.h">
      <Filter>src\core\interface</Filter>
    </ClInclude>
    <ClInclude Include="src\core\interface\IScreen.h">
      <Filter>src\core\interface</Filter>
    </ClInclude>
    <ClInclude Include="src\core\utility\BlendMode.h">
      <Filter>src\core\utility</Filter>
    </ClInclude>
    <ClInclude Include="src\core\utility\Color.h">
      <Filter>src\core\utility</Filter>
    </ClInclude>
    <ClInclude Include="src\core\utility\MathConstants.h">
      <Filter>src\core\utility</Filter>
    </ClInclude>
    <ClInclude Include="src\core\utility\Vector2.h">
      <Filter>src\core\utility</Filter>
    </ClInclude>
    <ClInclude Include="src\core\utility\Vector3.h">
      <Filter>src\core\utility</Filter>
    </ClInclude>
    <ClInclude Include="src\core\utility\Vertex3D.h">
      <Filter>src\core\utility</Filter>
    </ClInclude>
    <ClInclude Include="src\game\constant\Palette.h">
      <Filter>src\game\constant</Filter>
    </ClInclude>
    <ClInclude Include="src\game\model\Judgement.h">
      <Filter>src\game\model</Filter>
    </ClInclude>
    <ClInclude Include="src\game\model\PourMatch.h">
      <Filter>src\game\model</Filter>
    </ClInclude>
    <ClInclude Include="src\game\presenter\PourPresenter.h">
      <Filter>src\game\presenter</Filter>
    </ClInclude>
    <ClInclude Include="src\game\scene\IScene.h">
      <Filter>src\game\scene</Filter>
    </ClInclude>
    <ClInclude Include="src\game\scene\InGameScene.h">
      <Filter>src\game\scene</Filter>
    </ClInclude>
    <ClInclude Include="src\game\scene\ResultScene.h">
      <Filter>src\game\scene</Filter>
    </ClInclude>
    <ClInclude Include="src\game\scene\SceneContext.h">
      <Filter>src\game\scene</Filter>
    </ClInclude>
    <ClInclude Include="src\game\scene\SceneFactory.h">
      <Filter>src\game\scene</Filter>
    </ClInclude>
    <ClInclude Include="src\game\scene\SceneManager.h">
      <Filter>src\game\scene</Filter>
    </ClInclude>
    <ClInclude Include="src\game\scene\SceneType.h">
      <Filter>src\game\scene</Filter>
    </ClInclude>
    <ClInclude Include="src\game\scene\TitleScene.h">
      <Filter>src\game\scene</Filter>
    </ClInclude>
    <ClInclude Include="src\game\view\CupGeometry.h">
      <Filter>src\game\view</Filter>
    </ClInclude>
    <ClInclude Include="src\game\view\IPourView.h">
      <Filter>src\game\view</Filter>
    </ClInclude>
    <ClInclude Include="src\game\view\LiquidVisual.h">
      <Filter>src\game\view</Filter>
    </ClInclude>
    <ClInclude Include="src\game\view\PourStream.h">
      <Filter>src\game\view</Filter>
    </ClInclude>
    <ClInclude Include="src\game\view\PourView3D.h">
      <Filter>src\game\view</Filter>
    </ClInclude>
    <ClInclude Include="src\game\view\SceneryMesh.h">
      <Filter>src\game\view</Filter>
    </ClInclude>
    <ClInclude Include="src\game\view\WaterSurface.h">
      <Filter>src\game\view</Filter>
    </ClInclude>
    <ClInclude Include="src\infrastructure\graphics\Camera.h">
      <Filter>src\infrastructure\graphics</Filter>
    </ClInclude>
    <ClInclude Include="src\infrastructure\graphics\ModelRenderer.h">
      <Filter>src\infrastructure\graphics</Filter>
    </ClInclude>
    <ClInclude Include="src\infrastructure\graphics\PostEffect.h">
      <Filter>src\infrastructure\graphics</Filter>
    </ClInclude>
    <ClInclude Include="src\infrastructure\graphics\Renderer.h">
      <Filter>src\infrastructure\graphics</Filter>
    </ClInclude>
    <ClInclude Include="src\infrastructure\graphics\Renderer3D.h">
      <Filter>src\infrastructure\graphics</Filter>
    </ClInclude>
    <ClInclude Include="src\infrastructure\graphics\Screen.h">
      <Filter>src\infrastructure\graphics</Filter>
    </ClInclude>
    <ClInclude Include="src\infrastructure\input\InputProvider.h">
      <Filter>src\infrastructure\input</Filter>
    </ClInclude>
    <ClInclude Include="src\infrastructure\resource\ResourceManager.h">
      <Filter>src\infrastructure\resource</Filter>
    </ClInclude>
  </ItemGroup>
</Project>
