<?xml version="1.0" encoding="utf-8"?>
<Project ToolsVersion="4.0" xmlns="http://schemas.microsoft.com/developer/msbuild/2003">
  <ItemGroup>
    <Filter Include="src">
      <UniqueIdentifier>{3449be87-46ce-4a91-8a4b-c613622d6e1d}</UniqueIdentifier>
    </Filter>
    <Filter Include="src\core">
      <UniqueIdentifier>{6e0e1d34-bf17-410c-90ec-86b3daa8b2a9}</UniqueIdentifier>
    </Filter>
    <Filter Include="src\core\base">
      <UniqueIdentifier>{56395344-614a-4bc3-8e93-9f27e590a076}</UniqueIdentifier>
    </Filter>
    <Filter Include="src\core\constant">
      <UniqueIdentifier>{569abff6-69c8-4827-9046-73b1ce3165ad}</UniqueIdentifier>
    </Filter>
    <Filter Include="src\core\input">
      <UniqueIdentifier>{3f398ab5-31a5-4d3e-8765-c779f937df79}</UniqueIdentifier>
    </Filter>
    <Filter Include="src\core\interface">
      <UniqueIdentifier>{e7caefb0-a8ca-453f-b0ae-3429ec325e11}</UniqueIdentifier>
    </Filter>
    <Filter Include="src\core\utility">
      <UniqueIdentifier>{4455c3b8-ef83-43d9-8435-2a1c5869103a}</UniqueIdentifier>
    </Filter>
    <Filter Include="src\game">
      <UniqueIdentifier>{304fe0ee-42e0-4d7b-8270-0c2f752d1093}</UniqueIdentifier>
    </Filter>
    <Filter Include="src\game\constant">
      <UniqueIdentifier>{2e918768-20e6-458c-a0a7-688c8eb08f1a}</UniqueIdentifier>
    </Filter>
    <Filter Include="src\game\model">
      <UniqueIdentifier>{d29113a5-8706-4513-9b25-4f10a838bdf6}</UniqueIdentifier>
    </Filter>
    <Filter Include="src\game\presenter">
      <UniqueIdentifier>{22781551-a15d-40c1-9da9-24b7ad698951}</UniqueIdentifier>
    </Filter>
    <Filter Include="src\game\scene">
      <UniqueIdentifier>{f380ff4f-22bd-4b87-a602-1bd58ec33e6e}</UniqueIdentifier>
    </Filter>
    <Filter Include="src\game\view">
      <UniqueIdentifier>{6610d122-101e-4223-bfd5-73d0bec4e320}</UniqueIdentifier>
    </Filter>
    <Filter Include="src\infrastructure">
      <UniqueIdentifier>{8463893b-c089-481c-acc6-8ae828e8bd2b}</UniqueIdentifier>
    </Filter>
    <Filter Include="src\infrastructure\graphics">
      <UniqueIdentifier>{6915b098-c568-4315-abe7-d438fc560e42}</UniqueIdentifier>
    </Filter>
    <Filter Include="src\infrastructure\input">
      <UniqueIdentifier>{6ee9d92c-4166-4771-82ea-9f4dd4f61c82}</UniqueIdentifier>
    </Filter>
    <Filter Include="src\infrastructure\resource">
      <UniqueIdentifier>{a60f0529-dbc4-40fd-990f-0e5cbae4f576}</UniqueIdentifier>
    </Filter>
  </ItemGroup>
  <ItemGroup>
    <ClCompile Include="src\Application.cpp">
      <Filter>src</Filter>
    </ClCompile>
    <ClCompile Include="src\Main.cpp">
      <Filter>src</Filter>
    </ClCompile>
    <ClCompile Include="src\game\model\PourMatch.cpp">
      <Filter>src\game\model</Filter>
    </ClCompile>
    <ClCompile Include="src\game\presenter\PourPresenter.cpp">
      <Filter>src\game\presenter</Filter>
    </ClCompile>
    <ClCompile Include="src\game\scene\InGameScene.cpp">
      <Filter>src\game\scene</Filter>
    </ClCompile>
    <ClCompile Include="src\game\scene\ResultScene.cpp">
      <Filter>src\game\scene</Filter>
    </ClCompile>
    <ClCompile Include="src\game\scene\SceneFactory.cpp">
      <Filter>src\game\scene</Filter>
    </ClCompile>
    <ClCompile Include="src\game\scene\SceneManager.cpp">
      <Filter>src\game\scene</Filter>
    </ClCompile>
    <ClCompile Include="src\game\scene\TitleScene.cpp">
      <Filter>src\game\scene</Filter>
    </ClCompile>
    <ClCompile Include="src\game\view\LiquidVisual.cpp">
      <Filter>src\game\view</Filter>
    </ClCompile>
    <ClCompile Include="src\game\view\PourView3D.cpp">
      <Filter>src\game\view</Filter>
    </ClCompile>
    <ClCompile Include="src\infrastructure\graphics\Camera.cpp">
      <Filter>src\infrastructure\graphics</Filter>
    </ClCompile>
    <ClCompile Include="src\infrastructure\graphics\Renderer.cpp">
      <Filter>src\infrastructure\graphics</Filter>
    </ClCompile>
    <ClCompile Include="src\infrastructure\graphics\Renderer3D.cpp">
      <Filter>src\infrastructure\graphics</Filter>
    </ClCompile>
    <ClCompile Include="src\infrastructure\graphics\Screen.cpp">
      <Filter>src\infrastructure\graphics</Filter>
    </ClCompile>
    <ClCompile Include="src\infrastructure\input\InputProvider.cpp">
      <Filter>src\infrastructure\input</Filter>
    </ClCompile>
    <ClCompile Include="src\infrastructure\resource\ResourceManager.cpp">
      <Filter>src\infrastructure\resource</Filter>
    </ClCompile>
  </ItemGroup>
  <ItemGroup>
    <ClInclude Include="src\Application.h">
      <Filter>src</Filter>
    </ClInclude>
    <ClInclude Include="src\core\base\NonCopyable.h">
      <Filter>src\core\base</Filter>
    </ClInclude>
    <ClInclude Include="src\core\constant\ScreenConstants.h">
      <Filter>src\core\constant</Filter>
    </ClInclude>
    <ClInclude Include="src\core\input\KeyCode.h">
      <Filter>src\core\input</Filter>
    </ClInclude>
    <ClInclude Include="src\core\interface\ICamera.h">
      <Filter>src\core\interface</Filter>
    </ClInclude>
    <ClInclude Include="src\core\interface\IInputProvider.h">
      <Filter>src\core\interface</Filter>
    </ClInclude>
    <ClInclude Include="src\core\interface\IRenderer.h">
      <Filter>src\core\interface</Filter>
    </ClInclude>
    <ClInclude Include="src\core\interface\IRenderer3D.h">
      <Filter>src\core\interface</Filter>
    </ClInclude>
    <ClInclude Include="src\core\interface\IResourceManager.h">
      <Filter>src\core\interface</Filter>
    </ClInclude>
    <ClInclude Include="src\core\interface\IScreen.h">
      <Filter>src\core\interface</Filter>
    </ClInclude>
    <ClInclude Include="src\core\utility\BlendMode.h">
      <Filter>src\core\utility</Filter>
    </ClInclude>
    <ClInclude Include="src\core\utility\Color.h">
      <Filter>src\core\utility</Filter>
    </ClInclude>
    <ClInclude Include="src\core\utility\Vector2.h">
      <Filter>src\core\utility</Filter>
    </ClInclude>
    <ClInclude Include="src\core\utility\Vector3.h">
      <Filter>src\core\utility</Filter>
    </ClInclude>
    <ClInclude Include="src\game\constant\Palette.h">
      <Filter>src\game\constant</Filter>
    </ClInclude>
    <ClInclude Include="src\game\model\Judgement.h">
      <Filter>src\game\model</Filter>
    </ClInclude>
    <ClInclude Include="src\game\model\PourMatch.h">
      <Filter>src\game\model</Filter>
    </ClInclude>
    <ClInclude Include="src\game\presenter\PourPresenter.h">
      <Filter>src\game\presenter</Filter>
    </ClInclude>
    <ClInclude Include="src\game\scene\IScene.h">
      <Filter>src\game\scene</Filter>
    </ClInclude>
    <ClInclude Include="src\game\scene\InGameScene.h">
      <Filter>src\game\scene</Filter>
    </ClInclude>
    <ClInclude Include="src\game\scene\ResultScene.h">
      <Filter>src\game\scene</Filter>
    </ClInclude>
    <ClInclude Include="src\game\scene\SceneContext.h">
      <Filter>src\game\scene</Filter>
    </ClInclude>
    <ClInclude Include="src\game\scene\SceneFactory.h">
      <Filter>src\game\scene</Filter>
    </ClInclude>
    <ClInclude Include="src\game\scene\SceneManager.h">
      <Filter>src\game\scene</Filter>
    </ClInclude>
    <ClInclude Include="src\game\scene\SceneType.h">
      <Filter>src\game\scene</Filter>
    </ClInclude>
    <ClInclude Include="src\game\scene\TitleScene.h">
      <Filter>src\game\scene</Filter>
    </ClInclude>
    <ClInclude Include="src\game\view\IPourView.h">
      <Filter>src\game\view</Filter>
    </ClInclude>
    <ClInclude Include="src\game\view\LiquidVisual.h">
      <Filter>src\game\view</Filter>
    </ClInclude>
    <ClInclude Include="src\game\view\MasuGeometry.h">
      <Filter>src\game\view</Filter>
    </ClInclude>
    <ClInclude Include="src\game\view\PourView3D.h">
      <Filter>src\game\view</Filter>
    </ClInclude>
    <ClInclude Include="src\infrastructure\graphics\Camera.h">
      <Filter>src\infrastructure\graphics</Filter>
    </ClInclude>
    <ClInclude Include="src\infrastructure\graphics\Renderer.h">
      <Filter>src\infrastructure\graphics</Filter>
    </ClInclude>
    <ClInclude Include="src\infrastructure\graphics\Renderer3D.h">
      <Filter>src\infrastructure\graphics</Filter>
    </ClInclude>
    <ClInclude Include="src\infrastructure\graphics\Screen.h">
      <Filter>src\infrastructure\graphics</Filter>
    </ClInclude>
    <ClInclude Include="src\infrastructure\input\InputProvider.h">
      <Filter>src\infrastructure\input</Filter>
    </ClInclude>
    <ClInclude Include="src\infrastructure\resource\ResourceManager.h">
      <Filter>src\infrastructure\resource</Filter>
    </ClInclude>
  </ItemGroup>
</Project>
